
Microsoft Visual Studio Solution File, Format Version 12.00
# Visual Studio Version 16
VisualStudioVersion = 16.0.29728.190
MinimumVisualStudioVersion = 10.0.40219.1
Project("{FAE04EC0-301F-11D3-BF4B-00C04F79EFBC}") = "RockPaperScissorsLizardSpock", "RockPaperScissorsLizardSpock\RockPaperScissorsLizardSpock.csproj", "{3BFF948A-1F8A-4B22-A621-10FBCF189E2C}"
EndProject
Global
	GlobalSection(SolutionConfigurationPlatforms) = preSolution
		Debug|Any CPU = Debug|Any CPU
		Release|Any CPU = Release|Any CPU
	EndGlobalSection
	GlobalSection(ProjectConfigurationPlatforms) = postSolution
		{3BFF948A-1F8A-4B22-A621-10FBCF189E2C}.Debug|Any CPU.ActiveCfg = Debug|Any CPU
		{3BFF948A-1F8A-4B22-A621-10FBCF189E2C}.Debug|Any CPU.Build.0 = Debug|Any CPU
		{3BFF948A-1F8A-4B22-A621-10FBCF189E2C}.Release|Any CPU.ActiveCfg = Release|Any CPU
		{3BFF948A-1F8A-4B22-A621-10FBCF189E2C}.Release|Any CPU.Build.0 = Release|Any CPU
	EndGlobalSection
	GlobalSection(SolutionProperties) = preSolution
		HideSolutionNode = FALSE
	EndGlobalSection
	GlobalSection(ExtensibilityGlobals) = postSolution
		SolutionGuid = {3D79D491-6637-4AAD-825D-271F9952CED7}
	EndGlobalSection
EndGlobal
